// !$*UTF8*$!
{
	archiveVersion = 1;
	classes = {
	};
	objectVersion = 52;
	objects = {

/* Begin PBXBuildFile section */
		EF74790724E2032900577E1E /* AppDelegate.swift in Sources */ = {isa = PBXBuildFile; fileRef = EF74790624E2032900577E1E /* AppDelegate.swift */; };
		EF74790924E2032900577E1E /* SceneDelegate.swift in Sources */ = {isa = PBXBuildFile; fileRef = EF74790824E2032900577E1E /* SceneDelegate.swift */; };
		EF74790B24E2032900577E1E /* MainViewController.swift in Sources */ = {isa = PBXBuildFile; fileRef = EF74790A24E2032900577E1E /* MainViewController.swift */; };
		EF74790E24E2032900577E1E /* Main.storyboard in Resources */ = {isa = PBXBuildFile; fileRef = EF74790C24E2032900577E1E /* Main.storyboard */; };
		EF74791024E2033300577E1E /* Assets.xcassets in Resources */ = {isa = PBXBuildFile; fileRef = EF74790F24E2033300577E1E /* Assets.xcassets */; };
		EF74791324E2033300577E1E /* LaunchScreen.storyboard in Resources */ = {isa = PBXBuildFile; fileRef = EF74791124E2033300577E1E /* LaunchScreen.storyboard */; };
		EF74791E24E2033300577E1E /* TestAppTests.swift in Sources */ = {isa = PBXBuildFile; fileRef = EF74791D24E2033300577E1E /* TestAppTests.swift */; };
		EF74792A24E2034300577E1E /* API-IONIX in Frameworks */ = {isa = PBXBuildFile; productRef = EF74792924E2034300577E1E /* API-IONIX */; };
		EF74792C24E2034B00577E1E /* Env-IONIX in Frameworks */ = {isa = PBXBuildFile; productRef = EF74792B24E2034B00577E1E /* Env-IONIX */; };
/* End PBXBuildFile section */

/* Begin PBXContainerItemProxy section */
		EF74791A24E2033300577E1E /* PBXContainerItemProxy */ = {
			isa = PBXContainerItemProxy;
			containerPortal = EF7478FB24E2032800577E1E /* Project object */;
			proxyType = 1;
			remoteGlobalIDString = EF74790224E2032900577E1E;
			remoteInfo = TestApp;
		};
/* End PBXContainerItemProxy section */

/* Begin PBXFileReference section */
		EF74790324E2032900577E1E /* TestApp.app */ = {isa = PBXFileReference; explicitFileType = wrapper.application; includeInIndex = 0; path = TestApp.app; sourceTree = BUILT_PRODUCTS_DIR; };
		EF74790624E2032900577E1E /* AppDelegate.swift */ = {isa = PBXFileReference; lastKnownFileType = sourcecode.swift; path = AppDelegate.swift; sourceTree = "<group>"; };
		EF74790824E2032900577E1E /* SceneDelegate.swift */ = {isa = PBXFileReference; lastKnownFileType = sourcecode.swift; path = SceneDelegate.swift; sourceTree = "<group>"; };
		EF74790A24E2032900577E1E /* MainViewController.swift */ = {isa = PBXFileReference; lastKnownFileType = sourcecode.swift; path = MainViewController.swift; sourceTree = "<group>"; };
		EF74790D24E2032900577E1E /* Base */ = {isa = PBXFileReference; lastKnownFileType = file.storyboard; name = Base; path = Base.lproj/Main.storyboard; sourceTree = "<group>"; };
		EF74790F24E2033300577E1E /* Assets.xcassets */ = {isa = PBXFileReference; lastKnownFileType = folder.assetcatalog; path = Assets.xcassets; sourceTree = "<group>"; };
		EF74791224E2033300577E1E /* Base */ = {isa = PBXFileReference; lastKnownFileType = file.storyboard; name = Base; path = Base.lproj/LaunchScreen.storyboard; sourceTree = "<group>"; };
		EF74791424E2033300577E1E /* Info.plist */ = {isa = PBXFileReference; lastKnownFileType = text.plist.xml; path = Info.plist; sourceTree = "<group>"; };
		EF74791924E2033300577E1E /* TestAppTests.xctest */ = {isa = PBXFileReference; explicitFileType = wrapper.cfbundle; includeInIndex = 0; path = TestAppTests.xctest; sourceTree = BUILT_PRODUCTS_DIR; };
		EF74791D24E2033300577E1E /* TestAppTests.swift */ = {isa = PBXFileReference; lastKnownFileType = sourcecode.swift; path = TestAppTests.swift; sourceTree = "<group>"; };
		EF74791F24E2033300577E1E /* Info.plist */ = {isa = PBXFileReference; lastKnownFileType = text.plist.xml; path = Info.plist; sourceTree = "<group>"; };
/* End PBXFileReference section */

/* Begin PBXFrameworksBuildPhase section */
		EF74790024E2032900577E1E /* Frameworks */ = {
			isa = PBXFrameworksBuildPhase;
			buildActionMask = 2147483647;
			files = (
				EF74792C24E2034B00577E1E /* Env-IONIX in Frameworks */,
				EF74792A24E2034300577E1E /* API-IONIX in Frameworks */,
			);
			runOnlyForDeploymentPostprocessing = 0;
		};
		EF74791624E2033300577E1E /* Frameworks */ = {
			isa = PBXFrameworksBuildPhase;
			buildActionMask = 2147483647;
			files = (
			);
			runOnlyForDeploymentPostprocessing = 0;
		};
/* End PBXFrameworksBuildPhase section */

/* Begin PBXGroup section */
		EF7478FA24E2032800577E1E = {
			isa = PBXGroup;
			children = (
				EF74790524E2032900577E1E /* TestApp */,
				EF74791C24E2033300577E1E /* TestAppTests */,
				EF74790424E2032900577E1E /* Products */,
				EF74792824E2034300577E1E /* Frameworks */,
			);
			sourceTree = "<group>";
		};
		EF74790424E2032900577E1E /* Products */ = {
			isa = PBXGroup;
			children = (
				EF74790324E2032900577E1E /* TestApp.app */,
				EF74791924E2033300577E1E /* TestAppTests.xctest */,
			);
			name = Products;
			sourceTree = "<group>";
		};
		EF74790524E2032900577E1E /* TestApp */ = {
			isa = PBXGroup;
			children = (
				EF74792D24E2515600577E1E /* Screens */,
				EF74790624E2032900577E1E /* AppDelegate.swift */,
				EF74790824E2032900577E1E /* SceneDelegate.swift */,
				EF74790F24E2033300577E1E /* Assets.xcassets */,
				EF74791124E2033300577E1E /* LaunchScreen.storyboard */,
				EF74791424E2033300577E1E /* Info.plist */,
			);
			path = TestApp;
			sourceTree = "<group>";
		};
		EF74791C24E2033300577E1E /* TestAppTests */ = {
			isa = PBXGroup;
			children = (
				EF74791D24E2033300577E1E /* TestAppTests.swift */,
				EF74791F24E2033300577E1E /* Info.plist */,
			);
			path = TestAppTests;
			sourceTree = "<group>";
		};
		EF74792824E2034300577E1E /* Frameworks */ = {
			isa = PBXGroup;
			children = (
			);
			name = Frameworks;
			sourceTree = "<group>";
		};
		EF74792D24E2515600577E1E /* Screens */ = {
			isa = PBXGroup;
			children = (
				EF74792E24E276C400577E1E /* Main */,
			);
			path = Screens;
			sourceTree = "<group>";
		};
		EF74792E24E276C400577E1E /* Main */ = {
			isa = PBXGroup;
			children = (
				EF74790C24E2032900577E1E /* Main.storyboard */,
				EF74790A24E2032900577E1E /* MainViewController.swift */,
			);
			path = Main;
			sourceTree = "<group>";
		};
/* End PBXGroup section */

/* Begin PBXNativeTarget section */
		EF74790224E2032900577E1E /* TestApp */ = {
			isa = PBXNativeTarget;
			buildConfigurationList = EF74792224E2033300577E1E /* Build configuration list for PBXNativeTarget "TestApp" */;
			buildPhases = (
				EF7478FF24E2032900577E1E /* Sources */,
				EF74790024E2032900577E1E /* Frameworks */,
				EF74790124E2032900577E1E /* Resources */,
			);
			buildRules = (
			);
			dependencies = (
			);
			name = TestApp;
			packageProductDependencies = (
				EF74792924E2034300577E1E /* API-IONIX */,
				EF74792B24E2034B00577E1E /* Env-IONIX */,
			);
			productName = TestApp;
			productReference = EF74790324E2032900577E1E /* TestApp.app */;
			productType = "com.apple.product-type.application";
		};
		EF74791824E2033300577E1E /* TestAppTests */ = {
			isa = PBXNativeTarget;
			buildConfigurationList = EF74792524E2033300577E1E /* Build configuration list for PBXNativeTarget "TestAppTests" */;
			buildPhases = (
				EF74791524E2033300577E1E /* Sources */,
				EF74791624E2033300577E1E /* Frameworks */,
				EF74791724E2033300577E1E /* Resources */,
			);
			buildRules = (
			);
			dependencies = (
				EF74791B24E2033300577E1E /* PBXTargetDependency */,
			);
			name = TestAppTests;
			productName = TestAppTests;
			productReference = EF74791924E2033300577E1E /* TestAppTests.xctest */;
			productType = "com.apple.product-type.bundle.unit-test";
		};
/* End PBXNativeTarget section */

/* Begin PBXProject section */
		EF7478FB24E2032800577E1E /* Project object */ = {
			isa = PBXProject;
			attributes = {
				LastSwiftUpdateCheck = 1160;
				LastUpgradeCheck = 1160;
				ORGANIZATIONNAME = IONIX;
				TargetAttributes = {
					EF74790224E2032900577E1E = {
						CreatedOnToolsVersion = 11.6;
					};
					EF74791824E2033300577E1E = {
						CreatedOnToolsVersion = 11.6;
						TestTargetID = EF74790224E2032900577E1E;
					};
				};
			};
			buildConfigurationList = EF7478FE24E2032800577E1E /* Build configuration list for PBXProject "TestApp" */;
			compatibilityVersion = "Xcode 9.3";
			developmentRegion = en;
			hasScannedForEncodings = 0;
			knownRegions = (
				en,
				Base,
			);
			mainGroup = EF7478FA24E2032800577E1E;
			productRefGroup = EF74790424E2032900577E1E /* Products */;
			projectDirPath = "";
			projectRoot = "";
			targets = (
				EF74790224E2032900577E1E /* TestApp */,
				EF74791824E2033300577E1E /* TestAppTests */,
			);
		};
/* End PBXProject section */

/* Begin PBXResourcesBuildPhase section */
		EF74790124E2032900577E1E /* Resources */ = {
			isa = PBXResourcesBuildPhase;
			buildActionMask = 2147483647;
			files = (
				EF74791324E2033300577E1E /* LaunchScreen.storyboard in Resources */,
				EF74791024E2033300577E1E /* Assets.xcassets in Resources */,
				EF74790E24E2032900577E1E /* Main.storyboard in Resources */,
			);
			runOnlyForDeploymentPostprocessing = 0;
		};
		EF74791724E2033300577E1E /* Resources */ = {
			isa = PBXResourcesBuildPhase;
			buildActionMask = 2147483647;
			files = (
			);
			runOnlyForDeploymentPostprocessing = 0;
		};
/* End PBXResourcesBuildPhase section */

/* Begin PBXSourcesBuildPhase section */
		EF7478FF24E2032900577E1E /* Sources */ = {
			isa = PBXSourcesBuildPhase;
			buildActionMask = 2147483647;
			files = (
				EF74790B24E2032900577E1E /* MainViewController.swift in Sources */,
				EF74790724E2032900577E1E /* AppDelegate.swift in Sources */,
				EF74790924E2032900577E1E /* SceneDelegate.swift in Sources */,
			);
			runOnlyForDeploymentPostprocessing = 0;
		};
		EF74791524E2033300577E1E /* Sources */ = {
			isa = PBXSourcesBuildPhase;
			buildActionMask = 2147483647;
			files = (
				EF74791E24E2033300577E1E /* TestAppTests.swift in Sources */,
			);
			runOnlyForDeploymentPostprocessing = 0;
		};
/* End PBXSourcesBuildPhase section */

/* Begin PBXTargetDependency section */
		EF74791B24E2033300577E1E /* PBXTargetDependency */ = {
			isa = PBXTargetDependency;
			target = EF74790224E2032900577E1E /* TestApp */;
			targetProxy = EF74791A24E2033300577E1E /* PBXContainerItemProxy */;
		};
/* End PBXTargetDependency section */

/* Begin PBXVariantGroup section */
		EF74790C24E2032900577E1E /* Main.storyboard */ = {
			isa = PBXVariantGroup;
			children = (
				EF74790D24E2032900577E1E /* Base */,
			);
			name = Main.storyboard;
			sourceTree = "<group>";
		};
		EF74791124E2033300577E1E /* LaunchScreen.storyboard */ = {
			isa = PBXVariantGroup;
			children = (
				EF74791224E2033300577E1E /* Base */,
			);
			name = LaunchScreen.storyboard;
			sourceTree = "<group>";
		};
/* End PBXVariantGroup section */

/* Begin XCBuildConfiguration section */
		EF74792024E2033300577E1E /* Debug */ = {
			isa = XCBuildConfiguration;
			buildSettings = {
				ALWAYS_SEARCH_USER_PATHS = NO;
				CLANG_ANALYZER_NONNULL = YES;
				CLANG_ANALYZER_NUMBER_OBJECT_CONVERSION = YES_AGGRESSIVE;
				CLANG_CXX_LANGUAGE_STANDARD = "gnu++14";
				CLANG_CXX_LIBRARY = "libc++";
				CLANG_ENABLE_MODULES = YES;
				CLANG_ENABLE_OBJC_ARC = YES;
				CLANG_ENABLE_OBJC_WEAK = YES;
				CLANG_WARN_BLOCK_CAPTURE_AUTORELEASING = YES;
				CLANG_WARN_BOOL_CONVERSION = YES;
				CLANG_WARN_COMMA = YES;
				CLANG_WARN_CONSTANT_CONVERSION = YES;
				CLANG_WARN_DEPRECATED_OBJC_IMPLEMENTATIONS = YES;
				CLANG_WARN_DIRECT_OBJC_ISA_USAGE = YES_ERROR;
				CLANG_WARN_DOCUMENTATION_COMMENTS = YES;
				CLANG_WARN_EMPTY_BODY = YES;
				CLANG_WARN_ENUM_CONVERSION = YES;
				CLANG_WARN_INFINITE_RECURSION = YES;
				CLANG_WARN_INT_CONVERSION = YES;
				CLANG_WARN_NON_LITERAL_NULL_CONVERSION = YES;
				CLANG_WARN_OBJC_IMPLICIT_RETAIN_SELF = YES;
				CLANG_WARN_OBJC_LITERAL_CONVERSION = YES;
				CLANG_WARN_OBJC_ROOT_CLASS = YES_ERROR;
				CLANG_WARN_RANGE_LOOP_ANALYSIS = YES;
				CLANG_WARN_STRICT_PROTOTYPES = YES;
				CLANG_WARN_SUSPICIOUS_MOVE = YES;
				CLANG_WARN_UNGUARDED_AVAILABILITY = YES_AGGRESSIVE;
				CLANG_WARN_UNREACHABLE_CODE = YES;
				CLANG_WARN__DUPLICATE_METHOD_MATCH = YES;
				COPY_PHASE_STRIP = NO;
				DEBUG_INFORMATION_FORMAT = dwarf;
				ENABLE_STRICT_OBJC_MSGSEND = YES;
				ENABLE_TESTABILITY = YES;
				GCC_C_LANGUAGE_STANDARD = gnu11;
				GCC_DYNAMIC_NO_PIC = NO;
				GCC_NO_COMMON_BLOCKS = YES;
				GCC_OPTIMIZATION_LEVEL = 0;
				GCC_PREPROCESSOR_DEFINITIONS = (
					"DEBUG=1",
					"$(inherited)",
				);
				GCC_WARN_64_TO_32_BIT_CONVERSION = YES;
				GCC_WARN_ABOUT_RETURN_TYPE = YES_ERROR;
				GCC_WARN_UNDECLARED_SELECTOR = YES;
				GCC_WARN_UNINITIALIZED_AUTOS = YES_AGGRESSIVE;
				GCC_WARN_UNUSED_FUNCTION = YES;
				GCC_WARN_UNUSED_VARIABLE = YES;
				IPHONEOS_DEPLOYMENT_TARGET = 13.6;
				MTL_ENABLE_DEBUG_INFO = INCLUDE_SOURCE;
				MTL_FAST_MATH = YES;
				ONLY_ACTIVE_ARCH = YES;
				SDKROOT = iphoneos;
				SWIFT_ACTIVE_COMPILATION_CONDITIONS = DEBUG;
				SWIFT_OPTIMIZATION_LEVEL = "-Onone";
			};
			name = Debug;
		};
		EF74792124E2033300577E1E /* Release */ = {
			isa = XCBuildConfiguration;
			buildSettings = {
				ALWAYS_SEARCH_USER_PATHS = NO;
				CLANG_ANALYZER_NONNULL = YES;
				CLANG_ANALYZER_NUMBER_OBJECT_CONVERSION = YES_AGGRESSIVE;
				CLANG_CXX_LANGUAGE_STANDARD = "gnu++14";
				CLANG_CXX_LIBRARY = "libc++";
				CLANG_ENABLE_MODULES = YES;
				CLANG_ENABLE_OBJC_ARC = YES;
				CLANG_ENABLE_OBJC_WEAK = YES;
				CLANG_WARN_BLOCK_CAPTURE_AUTORELEASING = YES;
				CLANG_WARN_BOOL_CONVERSION = YES;
				CLANG_WARN_COMMA = YES;
				CLANG_WARN_CONSTANT_CONVERSION = YES;
				CLANG_WARN_DEPRECATED_OBJC_IMPLEMENTATIONS = YES;
				CLANG_WARN_DIRECT_OBJC_ISA_USAGE = YES_ERROR;
				CLANG_WARN_DOCUMENTATION_COMMENTS = YES;
				CLANG_WARN_EMPTY_BODY = YES;
				CLANG_WARN_ENUM_CONVERSION = YES;
				CLANG_WARN_INFINITE_RECURSION = YES;
				CLANG_WARN_INT_CONVERSION = YES;
				CLANG_WARN_NON_LITERAL_NULL_CONVERSION = YES;
				CLANG_WARN_OBJC_IMPLICIT_RETAIN_SELF = YES;
				CLANG_WARN_OBJC_LITERAL_CONVERSION = YES;
				CLANG_WARN_OBJC_ROOT_CLASS = YES_ERROR;
				CLANG_WARN_RANGE_LOOP_ANALYSIS = YES;
				CLANG_WARN_STRICT_PROTOTYPES = YES;
				CLANG_WARN_SUSPICIOUS_MOVE = YES;
				CLANG_WARN_UNGUARDED_AVAILABILITY = YES_AGGRESSIVE;
				CLANG_WARN_UNREACHABLE_CODE = YES;
				CLANG_WARN__DUPLICATE_METHOD_MATCH = YES;
				COPY_PHASE_STRIP = NO;
				DEBUG_INFORMATION_FORMAT = "dwarf-with-dsym";
				ENABLE_NS_ASSERTIONS = NO;
				ENABLE_STRICT_OBJC_MSGSEND = YES;
				GCC_C_LANGUAGE_STANDARD = gnu11;
				GCC_NO_COMMON_BLOCKS = YES;
				GCC_WARN_64_TO_32_BIT_CONVERSION = YES;
				GCC_WARN_ABOUT_RETURN_TYPE = YES_ERROR;
				GCC_WARN_UNDECLARED_SELECTOR = YES;
				GCC_WARN_UNINITIALIZED_AUTOS = YES_AGGRESSIVE;
				GCC_WARN_UNUSED_FUNCTION = YES;
				GCC_WARN_UNUSED_VARIABLE = YES;
				IPHONEOS_DEPLOYMENT_TARGET = 13.6;
				MTL_ENABLE_DEBUG_INFO = NO;
				MTL_FAST_MATH = YES;
				SDKROOT = iphoneos;
				SWIFT_COMPILATION_MODE = wholemodule;
				SWIFT_OPTIMIZATION_LEVEL = "-O";
				VALIDATE_PRODUCT = YES;
			};
			name = Release;
		};
		EF74792324E2033300577E1E /* Debug */ = {
			isa = XCBuildConfiguration;
			buildSettings = {
				ASSETCATALOG_COMPILER_APPICON_NAME = AppIcon;
				CODE_SIGN_STYLE = Automatic;
				DEVELOPMENT_TEAM = GLM6EK2ES9;
				INFOPLIST_FILE = TestApp/Info.plist;
				LD_RUNPATH_SEARCH_PATHS = (
					"$(inherited)",
					"@executable_path/Frameworks",
				);
				PRODUCT_BUNDLE_IDENTIFIER = cl.ionix.TestApp;
				PRODUCT_NAME = "$(TARGET_NAME)";
				SWIFT_VERSION = 5.0;
				TARGETED_DEVICE_FAMILY = "1,2";
			};
			name = Debug;
		};
		EF74792424E2033300577E1E /* Release */ = {
			isa = XCBuildConfiguration;
			buildSettings = {
				ASSETCATALOG_COMPILER_APPICON_NAME = AppIcon;
				CODE_SIGN_STYLE = Automatic;
				DEVELOPMENT_TEAM = GLM6EK2ES9;
				INFOPLIST_FILE = TestApp/Info.plist;
				LD_RUNPATH_SEARCH_PATHS = (
					"$(inherited)",
					"@executable_path/Frameworks",
				);
				PRODUCT_BUNDLE_IDENTIFIER = cl.ionix.TestApp;
				PRODUCT_NAME = "$(TARGET_NAME)";
				SWIFT_VERSION = 5.0;
				TARGETED_DEVICE_FAMILY = "1,2";
			};
			name = Release;
		};
		EF74792624E2033300577E1E /* Debug */ = {
			isa = XCBuildConfiguration;
			buildSettings = {
				ALWAYS_EMBED_SWIFT_STANDARD_LIBRARIES = YES;
				BUNDLE_LOADER = "$(TEST_HOST)";
				CODE_SIGN_STYLE = Automatic;
				DEVELOPMENT_TEAM = GLM6EK2ES9;
				INFOPLIST_FILE = TestAppTests/Info.plist;
				IPHONEOS_DEPLOYMENT_TARGET = 13.6;
				LD_RUNPATH_SEARCH_PATHS = (
					"$(inherited)",
					"@executable_path/Frameworks",
					"@loader_path/Frameworks",
				);
				PRODUCT_BUNDLE_IDENTIFIER = cl.ionix.TestAppTests;
				PRODUCT_NAME = "$(TARGET_NAME)";
				SWIFT_VERSION = 5.0;
				TARGETED_DEVICE_FAMILY = "1,2";
				TEST_HOST = "$(BUILT_PRODUCTS_DIR)/TestApp.app/TestApp";
			};
			name = Debug;
		};
		EF74792724E2033300577E1E /* Release */ = {
			isa = XCBuildConfiguration;
			buildSettings = {
				ALWAYS_EMBED_SWIFT_STANDARD_LIBRARIES = YES;
				BUNDLE_LOADER = "$(TEST_HOST)";
				CODE_SIGN_STYLE = Automatic;
				DEVELOPMENT_TEAM = GLM6EK2ES9;
				INFOPLIST_FILE = TestAppTests/Info.plist;
				IPHONEOS_DEPLOYMENT_TARGET = 13.6;
				LD_RUNPATH_SEARCH_PATHS = (
					"$(inherited)",
					"@executable_path/Frameworks",
					"@loader_path/Frameworks",
				);
				PRODUCT_BUNDLE_IDENTIFIER = cl.ionix.TestAppTests;
				PRODUCT_NAME = "$(TARGET_NAME)";
				SWIFT_VERSION = 5.0;
				TARGETED_DEVICE_FAMILY = "1,2";
				TEST_HOST = "$(BUILT_PRODUCTS_DIR)/TestApp.app/TestApp";
			};
			name = Release;
		};
/* End XCBuildConfiguration section */

/* Begin XCConfigurationList section */
		EF7478FE24E2032800577E1E /* Build configuration list for PBXProject "TestApp" */ = {
			isa = XCConfigurationList;
			buildConfigurations = (
				EF74792024E2033300577E1E /* Debug */,
				EF74792124E2033300577E1E /* Release */,
			);
			defaultConfigurationIsVisible = 0;
			defaultConfigurationName = Release;
		};
		EF74792224E2033300577E1E /* Build configuration list for PBXNativeTarget "TestApp" */ = {
			isa = XCConfigurationList;
			buildConfigurations = (
				EF74792324E2033300577E1E /* Debug */,
				EF74792424E2033300577E1E /* Release */,
			);
			defaultConfigurationIsVisible = 0;
			defaultConfigurationName = Release;
		};
		EF74792524E2033300577E1E /* Build configuration list for PBXNativeTarget "TestAppTests" */ = {
			isa = XCConfigurationList;
			buildConfigurations = (
				EF74792624E2033300577E1E /* Debug */,
				EF74792724E2033300577E1E /* Release */,
			);
			defaultConfigurationIsVisible = 0;
			defaultConfigurationName = Release;
		};
/* End XCConfigurationList section */

/* Begin XCSwiftPackageProductDependency section */
		EF74792924E2034300577E1E /* API-IONIX */ = {
			isa = XCSwiftPackageProductDependency;
			productName = "API-IONIX";
		};
		EF74792B24E2034B00577E1E /* Env-IONIX */ = {
			isa = XCSwiftPackageProductDependency;
			productName = "Env-IONIX";
		};
/* End XCSwiftPackageProductDependency section */
	};
	rootObject = EF7478FB24E2032800577E1E /* Project object */;
}
